
Microsoft Visual Studio Solution File, Format Version 12.00
# Visual Studio 15
VisualStudioVersion = 15.0.28010.2041
MinimumVisualStudioVersion = 10.0.40219.1
Project("{FAE04EC0-301F-11D3-BF4B-00C04F79EFBC}") = "SABERTestTask", "SABERTestTask\SABERTestTask.csproj", "{DDFC116D-7F41-42E1-BAED-699562941DEE}"
EndProject
Global
	GlobalSection(SolutionConfigurationPlatforms) = preSolution
		Debug|Any CPU = Debug|Any CPU
		Release|Any CPU = Release|Any CPU
	EndGlobalSection
	GlobalSection(ProjectConfigurationPlatforms) = postSolution
		{DDFC116D-7F41-42E1-BAED-699562941DEE}.Debug|Any CPU.ActiveCfg = Debug|Any CPU
		{DDFC116D-7F41-42E1-BAED-699562941DEE}.Debug|Any CPU.Build.0 = Debug|Any CPU
		{DDFC116D-7F41-42E1-BAED-699562941DEE}.Release|Any CPU.ActiveCfg = Release|Any CPU
		{DDFC116D-7F41-42E1-BAED-699562941DEE}.Release|Any CPU.Build.0 = Release|Any CPU
	EndGlobalSection
	GlobalSection(SolutionProperties) = preSolution
		HideSolutionNode = FALSE
	EndGlobalSection
	GlobalSection(ExtensibilityGlobals) = postSolution
		SolutionGuid = {6FCB7F0A-609A-44EE-AFED-631A30247228}
	EndGlobalSection
EndGlobal
